
Microsoft Visual Studio Solution File, Format Version 12.00
# Visual Studio Version 17
VisualStudioVersion = 17.8.34525.116
MinimumVisualStudioVersion = 10.0.40219.1
Project("{FAE04EC0-301F-11D3-BF4B-00C04F79EFBC}") = "Misegundoalgoritmo", "Misegundoalgoritmo.csproj", "{BC17D1BA-C9A0-43C9-B4F3-B518B370877B}"
EndProject
Global
	GlobalSection(SolutionConfigurationPlatforms) = preSolution
		Debug|Any CPU = Debug|Any CPU
		Release|Any CPU = Release|Any CPU
	EndGlobalSection
	GlobalSection(ProjectConfigurationPlatforms) = postSolution
		{BC17D1BA-C9A0-43C9-B4F3-B518B370877B}.Debug|Any CPU.ActiveCfg = Debug|Any CPU
		{BC17D1BA-C9A0-43C9-B4F3-B518B370877B}.Debug|Any CPU.Build.0 = Debug|Any CPU
		{BC17D1BA-C9A0-43C9-B4F3-B518B370877B}.Release|Any CPU.ActiveCfg = Release|Any CPU
		{BC17D1BA-C9A0-43C9-B4F3-B518B370877B}.Release|Any CPU.Build.0 = Release|Any CPU
	EndGlobalSection
	GlobalSection(SolutionProperties) = preSolution
		HideSolutionNode = FALSE
	EndGlobalSection
	GlobalSection(ExtensibilityGlobals) = postSolution
		SolutionGuid = {1DDF4910-EAC3-41EF-BF56-19516C1A4551}
	EndGlobalSection
EndGlobal
