
Microsoft Visual Studio Solution File, Format Version 12.00
# Visual Studio Version 17
VisualStudioVersion = 17.8.34525.116
MinimumVisualStudioVersion = 10.0.40219.1
Project("{FAE04EC0-301F-11D3-BF4B-00C04F79EFBC}") = "Punto 1", "Punto 1.csproj", "{91B64214-6BB4-4CA8-8FEC-93BFF427F983}"
EndProject
Global
	GlobalSection(SolutionConfigurationPlatforms) = preSolution
		Debug|Any CPU = Debug|Any CPU
		Release|Any CPU = Release|Any CPU
	EndGlobalSection
	GlobalSection(ProjectConfigurationPlatforms) = postSolution
		{91B64214-6BB4-4CA8-8FEC-93BFF427F983}.Debug|Any CPU.ActiveCfg = Debug|Any CPU
		{91B64214-6BB4-4CA8-8FEC-93BFF427F983}.Debug|Any CPU.Build.0 = Debug|Any CPU
		{91B64214-6BB4-4CA8-8FEC-93BFF427F983}.Release|Any CPU.ActiveCfg = Release|Any CPU
		{91B64214-6BB4-4CA8-8FEC-93BFF427F983}.Release|Any CPU.Build.0 = Release|Any CPU
	EndGlobalSection
	GlobalSection(SolutionProperties) = preSolution
		HideSolutionNode = FALSE
	EndGlobalSection
	GlobalSection(ExtensibilityGlobals) = postSolution
		SolutionGuid = {A227983B-BA16-4549-B02B-FBCA4E390929}
	EndGlobalSection
EndGlobal
